
Microsoft Visual Studio Solution File, Format Version 12.00
# Visual Studio 14
VisualStudioVersion = 14.0.25420.1
MinimumVisualStudioVersion = 10.0.40219.1
Project("{F2A71F9B-5D33-465A-A702-920D77279786}") = "OmdbRest", "src\OmdbRest.fsproj", "{219C59A7-15CC-4A4E-B31C-11B086D57DDA}"
EndProject
Project("{2150E333-8FDC-42A3-9474-1A3956D46DE8}") = ".paket", ".paket", "{960102B2-9221-4EFD-A7EB-9274C1652C59}"
	ProjectSection(SolutionItems) = preProject
		paket.dependencies = paket.dependencies
	EndProjectSection
EndProject
Global
	GlobalSection(SolutionConfigurationPlatforms) = preSolution
		Debug-net45|Any CPU = Debug-net45|Any CPU
		Debug-netstandard10|Any CPU = Debug-netstandard10|Any CPU
		Release-net45|Any CPU = Release-net45|Any CPU
		Release-netstandard10|Any CPU = Release-netstandard10|Any CPU
	EndGlobalSection
	GlobalSection(ProjectConfigurationPlatforms) = postSolution
		{219C59A7-15CC-4A4E-B31C-11B086D57DDA}.Debug-net45|Any CPU.ActiveCfg = Debug-net452|Any CPU
		{219C59A7-15CC-4A4E-B31C-11B086D57DDA}.Debug-net45|Any CPU.Build.0 = Debug-net452|Any CPU
		{219C59A7-15CC-4A4E-B31C-11B086D57DDA}.Debug-netstandard10|Any CPU.ActiveCfg = Debug-netstandard10|Any CPU
		{219C59A7-15CC-4A4E-B31C-11B086D57DDA}.Debug-netstandard10|Any CPU.Build.0 = Debug-netstandard10|Any CPU
		{219C59A7-15CC-4A4E-B31C-11B086D57DDA}.Release-net45|Any CPU.ActiveCfg = Release-net452|Any CPU
		{219C59A7-15CC-4A4E-B31C-11B086D57DDA}.Release-net45|Any CPU.Build.0 = Release-net452|Any CPU
		{219C59A7-15CC-4A4E-B31C-11B086D57DDA}.Release-netstandard10|Any CPU.ActiveCfg = Release-netstandard10|Any CPU
		{219C59A7-15CC-4A4E-B31C-11B086D57DDA}.Release-netstandard10|Any CPU.Build.0 = Release-netstandard10|Any CPU
	EndGlobalSection
	GlobalSection(SolutionProperties) = preSolution
		HideSolutionNode = FALSE
	EndGlobalSection
EndGlobal
